
Microsoft Visual Studio Solution File, Format Version 12.00
# Visual Studio Version 17
VisualStudioVersion = 17.0.31825.309
MinimumVisualStudioVersion = 10.0.40219.1
Project("{FAE04EC0-301F-11D3-BF4B-00C04F79EFBC}") = "ProductAPI", "ProductAPI\ProductAPI.csproj", "{28D3C530-C657-4693-BF00-2B57DD6A6E70}"
EndProject
Project("{FAE04EC0-301F-11D3-BF4B-00C04F79EFBC}") = "EAWebApp", "EAWebApp\EAWebApp.csproj", "{2F360C4C-B395-4CC8-A58A-354A9FCAD8CD}"
EndProject
Project("{FAE04EC0-301F-11D3-BF4B-00C04F79EFBC}") = "EaFramework", "EaFramework\EaFramework.csproj", "{E733F363-010B-46A5-AED5-094399BB3FB6}"
EndProject
Project("{2150E333-8FDC-42A3-9474-1A3956D46DE8}") = "EAApp", "EAApp", "{97AACFA4-3B7E-4528-A5E2-C8220AF5BC69}"
EndProject
Project("{2150E333-8FDC-42A3-9474-1A3956D46DE8}") = "EATests", "EATests", "{63B00CE1-974E-4969-9562-542F9CA8AD7F}"
EndProject
Project("{FAE04EC0-301F-11D3-BF4B-00C04F79EFBC}") = "EaApplicationTest", "EaApplicationTest\EaApplicationTest.csproj", "{A3EF1EE2-796F-448B-BB35-40D91D1E5C9F}"
EndProject
Project("{FAE04EC0-301F-11D3-BF4B-00C04F79EFBC}") = "EaSpecFlowTests", "EaSpecFlowTests\EaSpecFlowTests.csproj", "{58E69800-11E6-435D-A2BA-A105001474BD}"
EndProject
Global
	GlobalSection(SolutionConfigurationPlatforms) = preSolution
		Debug|Any CPU = Debug|Any CPU
		Release|Any CPU = Release|Any CPU
	EndGlobalSection
	GlobalSection(ProjectConfigurationPlatforms) = postSolution
		{28D3C530-C657-4693-BF00-2B57DD6A6E70}.Debug|Any CPU.ActiveCfg = Debug|Any CPU
		{28D3C530-C657-4693-BF00-2B57DD6A6E70}.Debug|Any CPU.Build.0 = Debug|Any CPU
		{28D3C530-C657-4693-BF00-2B57DD6A6E70}.Release|Any CPU.ActiveCfg = Release|Any CPU
		{28D3C530-C657-4693-BF00-2B57DD6A6E70}.Release|Any CPU.Build.0 = Release|Any CPU
		{2F360C4C-B395-4CC8-A58A-354A9FCAD8CD}.Debug|Any CPU.ActiveCfg = Debug|Any CPU
		{2F360C4C-B395-4CC8-A58A-354A9FCAD8CD}.Debug|Any CPU.Build.0 = Debug|Any CPU
		{2F360C4C-B395-4CC8-A58A-354A9FCAD8CD}.Release|Any CPU.ActiveCfg = Release|Any CPU
		{2F360C4C-B395-4CC8-A58A-354A9FCAD8CD}.Release|Any CPU.Build.0 = Release|Any CPU
		{E733F363-010B-46A5-AED5-094399BB3FB6}.Debug|Any CPU.ActiveCfg = Debug|Any CPU
		{E733F363-010B-46A5-AED5-094399BB3FB6}.Debug|Any CPU.Build.0 = Debug|Any CPU
		{E733F363-010B-46A5-AED5-094399BB3FB6}.Release|Any CPU.ActiveCfg = Release|Any CPU
		{E733F363-010B-46A5-AED5-094399BB3FB6}.Release|Any CPU.Build.0 = Release|Any CPU
		{A3EF1EE2-796F-448B-BB35-40D91D1E5C9F}.Debug|Any CPU.ActiveCfg = Debug|Any CPU
		{A3EF1EE2-796F-448B-BB35-40D91D1E5C9F}.Debug|Any CPU.Build.0 = Debug|Any CPU
		{A3EF1EE2-796F-448B-BB35-40D91D1E5C9F}.Release|Any CPU.ActiveCfg = Release|Any CPU
		{A3EF1EE2-796F-448B-BB35-40D91D1E5C9F}.Release|Any CPU.Build.0 = Release|Any CPU
		{58E69800-11E6-435D-A2BA-A105001474BD}.Debug|Any CPU.ActiveCfg = Debug|Any CPU
		{58E69800-11E6-435D-A2BA-A105001474BD}.Debug|Any CPU.Build.0 = Debug|Any CPU
		{58E69800-11E6-435D-A2BA-A105001474BD}.Release|Any CPU.ActiveCfg = Release|Any CPU
		{58E69800-11E6-435D-A2BA-A105001474BD}.Release|Any CPU.Build.0 = Release|Any CPU
	EndGlobalSection
	GlobalSection(SolutionProperties) = preSolution
		HideSolutionNode = FALSE
	EndGlobalSection
	GlobalSection(ExtensibilityGlobals) = postSolution
		SolutionGuid = {76C4CA33-F88E-4E17-964B-0EDF5E421B2C}
	EndGlobalSection
	GlobalSection(NestedProjects) = preSolution
		{2F360C4C-B395-4CC8-A58A-354A9FCAD8CD} = {97AACFA4-3B7E-4528-A5E2-C8220AF5BC69}
		{28D3C530-C657-4693-BF00-2B57DD6A6E70} = {97AACFA4-3B7E-4528-A5E2-C8220AF5BC69}
		{E733F363-010B-46A5-AED5-094399BB3FB6} = {63B00CE1-974E-4969-9562-542F9CA8AD7F}
		{A3EF1EE2-796F-448B-BB35-40D91D1E5C9F} = {63B00CE1-974E-4969-9562-542F9CA8AD7F}
		{58E69800-11E6-435D-A2BA-A105001474BD} = {63B00CE1-974E-4969-9562-542F9CA8AD7F}
	EndGlobalSection
EndGlobal
